// !$*UTF8*$!
{
	archiveVersion = 1;
	classes = {
	};
	objectVersion = 50;
	objects = {

/* Begin PBXBuildFile section */
		B709ED3D22DF62FF00878F06 /* time.swift in Sources */ = {isa = PBXBuildFile; fileRef = B709ED3C22DF62FF00878F06 /* time.swift */; };
		B709ED4322E0E36900878F06 /* wake-up bedtime viewController.swift in Sources */ = {isa = PBXBuildFile; fileRef = B709ED4222E0E36900878F06 /* wake-up bedtime viewController.swift */; };
		B72D5F8122DD0153006C3BB3 /* AppDelegate.swift in Sources */ = {isa = PBXBuildFile; fileRef = B72D5F8022DD0153006C3BB3 /* AppDelegate.swift */; };
		B72D5F8322DD0153006C3BB3 /* ViewController.swift in Sources */ = {isa = PBXBuildFile; fileRef = B72D5F8222DD0153006C3BB3 /* ViewController.swift */; };
		B72D5F8622DD0153006C3BB3 /* Main.storyboard in Resources */ = {isa = PBXBuildFile; fileRef = B72D5F8422DD0153006C3BB3 /* Main.storyboard */; };
		B72D5F8922DD0153006C3BB3 /* AppProject.xcdatamodeld in Sources */ = {isa = PBXBuildFile; fileRef = B72D5F8722DD0153006C3BB3 /* AppProject.xcdatamodeld */; };
		B72D5F8B22DD0154006C3BB3 /* Assets.xcassets in Resources */ = {isa = PBXBuildFile; fileRef = B72D5F8A22DD0154006C3BB3 /* Assets.xcassets */; };
		B72D5F8E22DD0154006C3BB3 /* LaunchScreen.storyboard in Resources */ = {isa = PBXBuildFile; fileRef = B72D5F8C22DD0154006C3BB3 /* LaunchScreen.storyboard */; };
/* End PBXBuildFile section */

/* Begin PBXFileReference section */
		B709ED3C22DF62FF00878F06 /* time.swift */ = {isa = PBXFileReference; lastKnownFileType = sourcecode.swift; path = time.swift; sourceTree = "<group>"; };
		B709ED4222E0E36900878F06 /* wake-up bedtime viewController.swift */ = {isa = PBXFileReference; lastKnownFileType = sourcecode.swift; path = "wake-up bedtime viewController.swift"; sourceTree = "<group>"; };
		B72D5F7D22DD0153006C3BB3 /* AppProject.app */ = {isa = PBXFileReference; explicitFileType = wrapper.application; includeInIndex = 0; path = AppProject.app; sourceTree = BUILT_PRODUCTS_DIR; };
		B72D5F8022DD0153006C3BB3 /* AppDelegate.swift */ = {isa = PBXFileReference; lastKnownFileType = sourcecode.swift; path = AppDelegate.swift; sourceTree = "<group>"; };
		B72D5F8222DD0153006C3BB3 /* ViewController.swift */ = {isa = PBXFileReference; lastKnownFileType = sourcecode.swift; path = ViewController.swift; sourceTree = "<group>"; };
		B72D5F8522DD0153006C3BB3 /* Base */ = {isa = PBXFileReference; lastKnownFileType = file.storyboard; name = Base; path = Base.lproj/Main.storyboard; sourceTree = "<group>"; };
		B72D5F8822DD0153006C3BB3 /* AppProject.xcdatamodel */ = {isa = PBXFileReference; lastKnownFileType = wrapper.xcdatamodel; path = AppProject.xcdatamodel; sourceTree = "<group>"; };
		B72D5F8A22DD0154006C3BB3 /* Assets.xcassets */ = {isa = PBXFileReference; lastKnownFileType = folder.assetcatalog; path = Assets.xcassets; sourceTree = "<group>"; };
		B72D5F8D22DD0154006C3BB3 /* Base */ = {isa = PBXFileReference; lastKnownFileType = file.storyboard; name = Base; path = Base.lproj/LaunchScreen.storyboard; sourceTree = "<group>"; };
		B72D5F8F22DD0154006C3BB3 /* Info.plist */ = {isa = PBXFileReference; lastKnownFileType = text.plist.xml; path = Info.plist; sourceTree = "<group>"; };
/* End PBXFileReference section */

/* Begin PBXFrameworksBuildPhase section */
		B72D5F7A22DD0153006C3BB3 /* Frameworks */ = {
			isa = PBXFrameworksBuildPhase;
			buildActionMask = 2147483647;
			files = (
			);
			runOnlyForDeploymentPostprocessing = 0;
		};
/* End PBXFrameworksBuildPhase section */

/* Begin PBXGroup section */
		B72D5F7422DD0153006C3BB3 = {
			isa = PBXGroup;
			children = (
				B709ED3C22DF62FF00878F06 /* time.swift */,
				B72D5F7F22DD0153006C3BB3 /* AppProject */,
				B72D5F7E22DD0153006C3BB3 /* Products */,
			);
			sourceTree = "<group>";
		};
		B72D5F7E22DD0153006C3BB3 /* Products */ = {
			isa = PBXGroup;
			children = (
				B72D5F7D22DD0153006C3BB3 /* AppProject.app */,
			);
			name = Products;
			sourceTree = "<group>";
		};
		B72D5F7F22DD0153006C3BB3 /* AppProject */ = {
			isa = PBXGroup;
			children = (
				B72D5F8022DD0153006C3BB3 /* AppDelegate.swift */,
				B72D5F8222DD0153006C3BB3 /* ViewController.swift */,
				B72D5F8422DD0153006C3BB3 /* Main.storyboard */,
				B709ED4222E0E36900878F06 /* wake-up bedtime viewController.swift */,
				B72D5F8A22DD0154006C3BB3 /* Assets.xcassets */,
				B72D5F8C22DD0154006C3BB3 /* LaunchScreen.storyboard */,
				B72D5F8F22DD0154006C3BB3 /* Info.plist */,
				B72D5F8722DD0153006C3BB3 /* AppProject.xcdatamodeld */,
			);
			path = AppProject;
			sourceTree = "<group>";
		};
/* End PBXGroup section */

/* Begin PBXNativeTarget section */
		B72D5F7C22DD0153006C3BB3 /* AppProject */ = {
			isa = PBXNativeTarget;
			buildConfigurationList = B72D5F9222DD0154006C3BB3 /* Build configuration list for PBXNativeTarget "AppProject" */;
			buildPhases = (
				B72D5F7922DD0153006C3BB3 /* Sources */,
				B72D5F7A22DD0153006C3BB3 /* Frameworks */,
				B72D5F7B22DD0153006C3BB3 /* Resources */,
			);
			buildRules = (
			);
			dependencies = (
			);
			name = AppProject;
			productName = AppProject;
			productReference = B72D5F7D22DD0153006C3BB3 /* AppProject.app */;
			productType = "com.apple.product-type.application";
		};
/* End PBXNativeTarget section */

/* Begin PBXProject section */
		B72D5F7522DD0153006C3BB3 /* Project object */ = {
			isa = PBXProject;
			attributes = {
				LastSwiftUpdateCheck = 1020;
				LastUpgradeCheck = 1020;
				ORGANIZATIONNAME = girlswhocode;
				TargetAttributes = {
					B72D5F7C22DD0153006C3BB3 = {
						CreatedOnToolsVersion = 10.2.1;
					};
				};
			};
			buildConfigurationList = B72D5F7822DD0153006C3BB3 /* Build configuration list for PBXProject "AppProject" */;
			compatibilityVersion = "Xcode 9.3";
			developmentRegion = en;
			hasScannedForEncodings = 0;
			knownRegions = (
				en,
				Base,
			);
			mainGroup = B72D5F7422DD0153006C3BB3;
			productRefGroup = B72D5F7E22DD0153006C3BB3 /* Products */;
			projectDirPath = "";
			projectRoot = "";
			targets = (
				B72D5F7C22DD0153006C3BB3 /* AppProject */,
			);
		};
/* End PBXProject section */

/* Begin PBXResourcesBuildPhase section */
		B72D5F7B22DD0153006C3BB3 /* Resources */ = {
			isa = PBXResourcesBuildPhase;
			buildActionMask = 2147483647;
			files = (
				B72D5F8E22DD0154006C3BB3 /* LaunchScreen.storyboard in Resources */,
				B72D5F8B22DD0154006C3BB3 /* Assets.xcassets in Resources */,
				B72D5F8622DD0153006C3BB3 /* Main.storyboard in Resources */,
			);
			runOnlyForDeploymentPostprocessing = 0;
		};
/* End PBXResourcesBuildPhase section */

/* Begin PBXSourcesBuildPhase section */
		B72D5F7922DD0153006C3BB3 /* Sources */ = {
			isa = PBXSourcesBuildPhase;
			buildActionMask = 2147483647;
			files = (
				B709ED3D22DF62FF00878F06 /* time.swift in Sources */,
				B72D5F8322DD0153006C3BB3 /* ViewController.swift in Sources */,
				B72D5F8922DD0153006C3BB3 /* AppProject.xcdatamodeld in Sources */,
				B72D5F8122DD0153006C3BB3 /* AppDelegate.swift in Sources */,
				B709ED4322E0E36900878F06 /* wake-up bedtime viewController.swift in Sources */,
			);
			runOnlyForDeploymentPostprocessing = 0;
		};
/* End PBXSourcesBuildPhase section */

/* Begin PBXVariantGroup section */
		B72D5F8422DD0153006C3BB3 /* Main.storyboard */ = {
			isa = PBXVariantGroup;
			children = (
				B72D5F8522DD0153006C3BB3 /* Base */,
			);
			name = Main.storyboard;
			sourceTree = "<group>";
		};
		B72D5F8C22DD0154006C3BB3 /* LaunchScreen.storyboard */ = {
			isa = PBXVariantGroup;
			children = (
				B72D5F8D22DD0154006C3BB3 /* Base */,
			);
			name = LaunchScreen.storyboard;
			sourceTree = "<group>";
		};
/* End PBXVariantGroup section */

/* Begin XCBuildConfiguration section */
		B72D5F9022DD0154006C3BB3 /* Debug */ = {
			isa = XCBuildConfiguration;
			buildSettings = {
				ALWAYS_SEARCH_USER_PATHS = NO;
				CLANG_ANALYZER_NONNULL = YES;
				CLANG_ANALYZER_NUMBER_OBJECT_CONVERSION = YES_AGGRESSIVE;
				CLANG_CXX_LANGUAGE_STANDARD = "gnu++14";
				CLANG_CXX_LIBRARY = "libc++";
				CLANG_ENABLE_MODULES = YES;
				CLANG_ENABLE_OBJC_ARC = YES;
				CLANG_ENABLE_OBJC_WEAK = YES;
				CLANG_WARN_BLOCK_CAPTURE_AUTORELEASING = YES;
				CLANG_WARN_BOOL_CONVERSION = YES;
				CLANG_WARN_COMMA = YES;
				CLANG_WARN_CONSTANT_CONVERSION = YES;
				CLANG_WARN_DEPRECATED_OBJC_IMPLEMENTATIONS = YES;
				CLANG_WARN_DIRECT_OBJC_ISA_USAGE = YES_ERROR;
				CLANG_WARN_DOCUMENTATION_COMMENTS = YES;
				CLANG_WARN_EMPTY_BODY = YES;
				CLANG_WARN_ENUM_CONVERSION = YES;
				CLANG_WARN_INFINITE_RECURSION = YES;
				CLANG_WARN_INT_CONVERSION = YES;
				CLANG_WARN_NON_LITERAL_NULL_CONVERSION = YES;
				CLANG_WARN_OBJC_IMPLICIT_RETAIN_SELF = YES;
				CLANG_WARN_OBJC_LITERAL_CONVERSION = YES;
				CLANG_WARN_OBJC_ROOT_CLASS = YES_ERROR;
				CLANG_WARN_RANGE_LOOP_ANALYSIS = YES;
				CLANG_WARN_STRICT_PROTOTYPES = YES;
				CLANG_WARN_SUSPICIOUS_MOVE = YES;
				CLANG_WARN_UNGUARDED_AVAILABILITY = YES_AGGRESSIVE;
				CLANG_WARN_UNREACHABLE_CODE = YES;
				CLANG_WARN__DUPLICATE_METHOD_MATCH = YES;
				CODE_SIGN_IDENTITY = "iPhone Developer";
				COPY_PHASE_STRIP = NO;
				DEBUG_INFORMATION_FORMAT = dwarf;
				ENABLE_STRICT_OBJC_MSGSEND = YES;
				ENABLE_TESTABILITY = YES;
				GCC_C_LANGUAGE_STANDARD = gnu11;
				GCC_DYNAMIC_NO_PIC = NO;
				GCC_NO_COMMON_BLOCKS = YES;
				GCC_OPTIMIZATION_LEVEL = 0;
				GCC_PREPROCESSOR_DEFINITIONS = (
					"DEBUG=1",
					"$(inherited)",
				);
				GCC_WARN_64_TO_32_BIT_CONVERSION = YES;
				GCC_WARN_ABOUT_RETURN_TYPE = YES_ERROR;
				GCC_WARN_UNDECLARED_SELECTOR = YES;
				GCC_WARN_UNINITIALIZED_AUTOS = YES_AGGRESSIVE;
				GCC_WARN_UNUSED_FUNCTION = YES;
				GCC_WARN_UNUSED_VARIABLE = YES;
				IPHONEOS_DEPLOYMENT_TARGET = 12.2;
				MTL_ENABLE_DEBUG_INFO = INCLUDE_SOURCE;
				MTL_FAST_MATH = YES;
				ONLY_ACTIVE_ARCH = YES;
				SDKROOT = iphoneos;
				SWIFT_ACTIVE_COMPILATION_CONDITIONS = DEBUG;
				SWIFT_OPTIMIZATION_LEVEL = "-Onone";
			};
			name = Debug;
		};
		B72D5F9122DD0154006C3BB3 /* Release */ = {
			isa = XCBuildConfiguration;
			buildSettings = {
				ALWAYS_SEARCH_USER_PATHS = NO;
				CLANG_ANALYZER_NONNULL = YES;
				CLANG_ANALYZER_NUMBER_OBJECT_CONVERSION = YES_AGGRESSIVE;
				CLANG_CXX_LANGUAGE_STANDARD = "gnu++14";
				CLANG_CXX_LIBRARY = "libc++";
				CLANG_ENABLE_MODULES = YES;
				CLANG_ENABLE_OBJC_ARC = YES;
				CLANG_ENABLE_OBJC_WEAK = YES;
				CLANG_WARN_BLOCK_CAPTURE_AUTORELEASING = YES;
				CLANG_WARN_BOOL_CONVERSION = YES;
				CLANG_WARN_COMMA = YES;
				CLANG_WARN_CONSTANT_CONVERSION = YES;
				CLANG_WARN_DEPRECATED_OBJC_IMPLEMENTATIONS = YES;
				CLANG_WARN_DIRECT_OBJC_ISA_USAGE = YES_ERROR;
				CLANG_WARN_DOCUMENTATION_COMMENTS = YES;
				CLANG_WARN_EMPTY_BODY = YES;
				CLANG_WARN_ENUM_CONVERSION = YES;
				CLANG_WARN_INFINITE_RECURSION = YES;
				CLANG_WARN_INT_CONVERSION = YES;
				CLANG_WARN_NON_LITERAL_NULL_CONVERSION = YES;
				CLANG_WARN_OBJC_IMPLICIT_RETAIN_SELF = YES;
				CLANG_WARN_OBJC_LITERAL_CONVERSION = YES;
				CLANG_WARN_OBJC_ROOT_CLASS = YES_ERROR;
				CLANG_WARN_RANGE_LOOP_ANALYSIS = YES;
				CLANG_WARN_STRICT_PROTOTYPES = YES;
				CLANG_WARN_SUSPICIOUS_MOVE = YES;
				CLANG_WARN_UNGUARDED_AVAILABILITY = YES_AGGRESSIVE;
				CLANG_WARN_UNREACHABLE_CODE = YES;
				CLANG_WARN__DUPLICATE_METHOD_MATCH = YES;
				CODE_SIGN_IDENTITY = "iPhone Developer";
				COPY_PHASE_STRIP = NO;
				DEBUG_INFORMATION_FORMAT = "dwarf-with-dsym";
				ENABLE_NS_ASSERTIONS = NO;
				ENABLE_STRICT_OBJC_MSGSEND = YES;
				GCC_C_LANGUAGE_STANDARD = gnu11;
				GCC_NO_COMMON_BLOCKS = YES;
				GCC_WARN_64_TO_32_BIT_CONVERSION = YES;
				GCC_WARN_ABOUT_RETURN_TYPE = YES_ERROR;
				GCC_WARN_UNDECLARED_SELECTOR = YES;
				GCC_WARN_UNINITIALIZED_AUTOS = YES_AGGRESSIVE;
				GCC_WARN_UNUSED_FUNCTION = YES;
				GCC_WARN_UNUSED_VARIABLE = YES;
				IPHONEOS_DEPLOYMENT_TARGET = 12.2;
				MTL_ENABLE_DEBUG_INFO = NO;
				MTL_FAST_MATH = YES;
				SDKROOT = iphoneos;
				SWIFT_COMPILATION_MODE = wholemodule;
				SWIFT_OPTIMIZATION_LEVEL = "-O";
				VALIDATE_PRODUCT = YES;
			};
			name = Release;
		};
		B72D5F9322DD0154006C3BB3 /* Debug */ = {
			isa = XCBuildConfiguration;
			buildSettings = {
				ASSETCATALOG_COMPILER_APPICON_NAME = AppIcon;
				CODE_SIGN_STYLE = Automatic;
				INFOPLIST_FILE = AppProject/Info.plist;
				LD_RUNPATH_SEARCH_PATHS = (
					"$(inherited)",
					"@executable_path/Frameworks",
				);
				PRODUCT_BUNDLE_IDENTIFIER = girlswhocode.AppProject;
				PRODUCT_NAME = "$(TARGET_NAME)";
				SWIFT_VERSION = 5.0;
				TARGETED_DEVICE_FAMILY = "1,2";
			};
			name = Debug;
		};
		B72D5F9422DD0154006C3BB3 /* Release */ = {
			isa = XCBuildConfiguration;
			buildSettings = {
				ASSETCATALOG_COMPILER_APPICON_NAME = AppIcon;
				CODE_SIGN_STYLE = Automatic;
				INFOPLIST_FILE = AppProject/Info.plist;
				LD_RUNPATH_SEARCH_PATHS = (
					"$(inherited)",
					"@executable_path/Frameworks",
				);
				PRODUCT_BUNDLE_IDENTIFIER = girlswhocode.AppProject;
				PRODUCT_NAME = "$(TARGET_NAME)";
				SWIFT_VERSION = 5.0;
				TARGETED_DEVICE_FAMILY = "1,2";
			};
			name = Release;
		};
/* End XCBuildConfiguration section */

/* Begin XCConfigurationList section */
		B72D5F7822DD0153006C3BB3 /* Build configuration list for PBXProject "AppProject" */ = {
			isa = XCConfigurationList;
			buildConfigurations = (
				B72D5F9022DD0154006C3BB3 /* Debug */,
				B72D5F9122DD0154006C3BB3 /* Release */,
			);
			defaultConfigurationIsVisible = 0;
			defaultConfigurationName = Release;
		};
		B72D5F9222DD0154006C3BB3 /* Build configuration list for PBXNativeTarget "AppProject" */ = {
			isa = XCConfigurationList;
			buildConfigurations = (
				B72D5F9322DD0154006C3BB3 /* Debug */,
				B72D5F9422DD0154006C3BB3 /* Release */,
			);
			defaultConfigurationIsVisible = 0;
			defaultConfigurationName = Release;
		};
/* End XCConfigurationList section */

/* Begin XCVersionGroup section */
		B72D5F8722DD0153006C3BB3 /* AppProject.xcdatamodeld */ = {
			isa = XCVersionGroup;
			children = (
				B72D5F8822DD0153006C3BB3 /* AppProject.xcdatamodel */,
			);
			currentVersion = B72D5F8822DD0153006C3BB3 /* AppProject.xcdatamodel */;
			path = AppProject.xcdatamodeld;
			sourceTree = "<group>";
			versionGroupType = wrapper.xcdatamodel;
		};
/* End XCVersionGroup section */
	};
	rootObject = B72D5F7522DD0153006C3BB3 /* Project object */;
}
